[root]
name = "handmade"
version = "0.0.0"
dependencies = [
 "dsound-sys 0.0.1 (git+https://github.com/retep998/winapi-rs)",
 "gdi32-sys 0.2.0 (registry+https://github.com/rust-lang/crates.io-index)",
 "kernel32-sys 0.2.1 (registry+https://github.com/rust-lang/crates.io-index)",
 "user32-sys 0.1.2 (registry+https://github.com/rust-lang/crates.io-index)",
 "winapi 0.2.5 (registry+https://github.com/rust-lang/crates.io-index)",
 "xinput-sys 0.0.1 (git+https://github.com/retep998/winapi-rs)",
]

[[package]]
name = "dsound-sys"
version = "0.0.1"
source = "git+https://github.com/retep998/winapi-rs#f3a10a806874b687b82491abed68cd0e35e48a13"
dependencies = [
 "winapi 0.2.5 (git+https://github.com/retep998/winapi-rs)",
 "winapi-build 0.1.1 (git+https://github.com/retep998/winapi-rs)",
]

[[package]]
name = "gdi32-sys"
version = "0.2.0"
source = "registry+https://github.com/rust-lang/crates.io-index"
dependencies = [
 "winapi 0.2.5 (registry+https://github.com/rust-lang/crates.io-index)",
 "winapi-build 0.1.1 (registry+https://github.com/rust-lang/crates.io-index)",
]

[[package]]
name = "kernel32-sys"
version = "0.2.1"
source = "registry+https://github.com/rust-lang/crates.io-index"
dependencies = [
 "winapi 0.2.5 (registry+https://github.com/rust-lang/crates.io-index)",
 "winapi-build 0.1.1 (registry+https://github.com/rust-lang/crates.io-index)",
]

[[package]]
name = "user32-sys"
version = "0.1.2"
source = "registry+https://github.com/rust-lang/crates.io-index"
dependencies = [
 "winapi 0.2.5 (registry+https://github.com/rust-lang/crates.io-index)",
 "winapi-build 0.1.1 (registry+https://github.com/rust-lang/crates.io-index)",
]

[[package]]
name = "winapi"
version = "0.2.5"
source = "git+https://github.com/retep998/winapi-rs#6a869687d7a59928332d683026c34f5d3401a7d2"

[[package]]
name = "winapi"
version = "0.2.5"
source = "registry+https://github.com/rust-lang/crates.io-index"

[[package]]
name = "winapi-build"
version = "0.1.1"
source = "git+https://github.com/retep998/winapi-rs#6a869687d7a59928332d683026c34f5d3401a7d2"

[[package]]
name = "winapi-build"
version = "0.1.1"
source = "registry+https://github.com/rust-lang/crates.io-index"

[[package]]
name = "xinput-sys"
version = "0.0.1"
source = "git+https://github.com/retep998/winapi-rs#6a869687d7a59928332d683026c34f5d3401a7d2"
dependencies = [
 "winapi 0.2.5 (git+https://github.com/retep998/winapi-rs)",
 "winapi-build 0.1.1 (git+https://github.com/retep998/winapi-rs)",
]

